// !$*UTF8*$!
{
	archiveVersion = 1;
	classes = {
	};
	objectVersion = 46;
	objects = {

/* Begin PBXBuildFile section */
		FE4BE5121EFE525C008B0318 /* AppDelegate.swift in Sources */ = {isa = PBXBuildFile; fileRef = FE4BE5111EFE525C008B0318 /* AppDelegate.swift */; };
		FE4BE5141EFE525C008B0318 /* ViewController.swift in Sources */ = {isa = PBXBuildFile; fileRef = FE4BE5131EFE525C008B0318 /* ViewController.swift */; };
		FE4BE5171EFE525C008B0318 /* Main.storyboard in Resources */ = {isa = PBXBuildFile; fileRef = FE4BE5151EFE525C008B0318 /* Main.storyboard */; };
		FE4BE5191EFE525C008B0318 /* Assets.xcassets in Resources */ = {isa = PBXBuildFile; fileRef = FE4BE5181EFE525C008B0318 /* Assets.xcassets */; };
		FE4BE51C1EFE525C008B0318 /* LaunchScreen.storyboard in Resources */ = {isa = PBXBuildFile; fileRef = FE4BE51A1EFE525C008B0318 /* LaunchScreen.storyboard */; };
/* End PBXBuildFile section */

/* Begin PBXFileReference section */
		FE4BE50E1EFE525C008B0318 /* CM_Networking.app */ = {isa = PBXFileReference; explicitFileType = wrapper.application; includeInIndex = 0; path = CM_Networking.app; sourceTree = BUILT_PRODUCTS_DIR; };
		FE4BE5111EFE525C008B0318 /* AppDelegate.swift */ = {isa = PBXFileReference; lastKnownFileType = sourcecode.swift; path = AppDelegate.swift; sourceTree = "<group>"; };
		FE4BE5131EFE525C008B0318 /* ViewController.swift */ = {isa = PBXFileReference; lastKnownFileType = sourcecode.swift; path = ViewController.swift; sourceTree = "<group>"; };
		FE4BE5161EFE525C008B0318 /* Base */ = {isa = PBXFileReference; lastKnownFileType = file.storyboard; name = Base; path = Base.lproj/Main.storyboard; sourceTree = "<group>"; };
		FE4BE5181EFE525C008B0318 /* Assets.xcassets */ = {isa = PBXFileReference; lastKnownFileType = folder.assetcatalog; path = Assets.xcassets; sourceTree = "<group>"; };
		FE4BE51B1EFE525C008B0318 /* Base */ = {isa = PBXFileReference; lastKnownFileType = file.storyboard; name = Base; path = Base.lproj/LaunchScreen.storyboard; sourceTree = "<group>"; };
		FE4BE51D1EFE525C008B0318 /* Info.plist */ = {isa = PBXFileReference; lastKnownFileType = text.plist.xml; path = Info.plist; sourceTree = "<group>"; };
/* End PBXFileReference section */

/* Begin PBXFrameworksBuildPhase section */
		FE4BE50B1EFE525C008B0318 /* Frameworks */ = {
			isa = PBXFrameworksBuildPhase;
			buildActionMask = 2147483647;
			files = (
			);
			runOnlyForDeploymentPostprocessing = 0;
		};
/* End PBXFrameworksBuildPhase section */

/* Begin PBXGroup section */
		FE4BE5051EFE525C008B0318 = {
			isa = PBXGroup;
			children = (
				FE4BE5101EFE525C008B0318 /* CM_Networking */,
				FE4BE50F1EFE525C008B0318 /* Products */,
			);
			sourceTree = "<group>";
		};
		FE4BE50F1EFE525C008B0318 /* Products */ = {
			isa = PBXGroup;
			children = (
				FE4BE50E1EFE525C008B0318 /* CM_Networking.app */,
			);
			name = Products;
			sourceTree = "<group>";
		};
		FE4BE5101EFE525C008B0318 /* CM_Networking */ = {
			isa = PBXGroup;
			children = (
				FE4BE5111EFE525C008B0318 /* AppDelegate.swift */,
				FE4BE5131EFE525C008B0318 /* ViewController.swift */,
				FE4BE5151EFE525C008B0318 /* Main.storyboard */,
				FE4BE5181EFE525C008B0318 /* Assets.xcassets */,
				FE4BE51A1EFE525C008B0318 /* LaunchScreen.storyboard */,
				FE4BE51D1EFE525C008B0318 /* Info.plist */,
			);
			path = CM_Networking;
			sourceTree = "<group>";
		};
/* End PBXGroup section */

/* Begin PBXNativeTarget section */
		FE4BE50D1EFE525C008B0318 /* CM_Networking */ = {
			isa = PBXNativeTarget;
			buildConfigurationList = FE4BE5201EFE525C008B0318 /* Build configuration list for PBXNativeTarget "CM_Networking" */;
			buildPhases = (
				FE4BE50A1EFE525C008B0318 /* Sources */,
				FE4BE50B1EFE525C008B0318 /* Frameworks */,
				FE4BE50C1EFE525C008B0318 /* Resources */,
			);
			buildRules = (
			);
			dependencies = (
			);
			name = CM_Networking;
			productName = CM_Networking;
			productReference = FE4BE50E1EFE525C008B0318 /* CM_Networking.app */;
			productType = "com.apple.product-type.application";
		};
/* End PBXNativeTarget section */

/* Begin PBXProject section */
		FE4BE5061EFE525C008B0318 /* Project object */ = {
			isa = PBXProject;
			attributes = {
				LastSwiftUpdateCheck = 0830;
				LastUpgradeCheck = 0830;
				ORGANIZATIONNAME = "Artem Lyksa";
				TargetAttributes = {
					FE4BE50D1EFE525C008B0318 = {
						CreatedOnToolsVersion = 8.3.3;
						ProvisioningStyle = Automatic;
					};
				};
			};
			buildConfigurationList = FE4BE5091EFE525C008B0318 /* Build configuration list for PBXProject "CM_Networking" */;
			compatibilityVersion = "Xcode 3.2";
			developmentRegion = English;
			hasScannedForEncodings = 0;
			knownRegions = (
				en,
				Base,
			);
			mainGroup = FE4BE5051EFE525C008B0318;
			productRefGroup = FE4BE50F1EFE525C008B0318 /* Products */;
			projectDirPath = "";
			projectRoot = "";
			targets = (
				FE4BE50D1EFE525C008B0318 /* CM_Networking */,
			);
		};
/* End PBXProject section */

/* Begin PBXResourcesBuildPhase section */
		FE4BE50C1EFE525C008B0318 /* Resources */ = {
			isa = PBXResourcesBuildPhase;
			buildActionMask = 2147483647;
			files = (
				FE4BE51C1EFE525C008B0318 /* LaunchScreen.storyboard in Resources */,
				FE4BE5191EFE525C008B0318 /* Assets.xcassets in Resources */,
				FE4BE5171EFE525C008B0318 /* Main.storyboard in Resources */,
			);
			runOnlyForDeploymentPostprocessing = 0;
		};
/* End PBXResourcesBuildPhase section */

/* Begin PBXSourcesBuildPhase section */
		FE4BE50A1EFE525C008B0318 /* Sources */ = {
			isa = PBXSourcesBuildPhase;
			buildActionMask = 2147483647;
			files = (
				FE4BE5141EFE525C008B0318 /* ViewController.swift in Sources */,
				FE4BE5121EFE525C008B0318 /* AppDelegate.swift in Sources */,
			);
			runOnlyForDeploymentPostprocessing = 0;
		};
/* End PBXSourcesBuildPhase section */

/* Begin PBXVariantGroup section */
		FE4BE5151EFE525C008B0318 /* Main.storyboard */ = {
			isa = PBXVariantGroup;
			children = (
				FE4BE5161EFE525C008B0318 /* Base */,
			);
			name = Main.storyboard;
			sourceTree = "<group>";
		};
		FE4BE51A1EFE525C008B0318 /* LaunchScreen.storyboard */ = {
			isa = PBXVariantGroup;
			children = (
				FE4BE51B1EFE525C008B0318 /* Base */,
			);
			name = LaunchScreen.storyboard;
			sourceTree = "<group>";
		};
/* End PBXVariantGroup section */

/* Begin XCBuildConfiguration section */
		FE4BE51E1EFE525C008B0318 /* Debug */ = {
			isa = XCBuildConfiguration;
			buildSettings = {
				ALWAYS_SEARCH_USER_PATHS = NO;
				CLANG_ANALYZER_NONNULL = YES;
				CLANG_ANALYZER_NUMBER_OBJECT_CONVERSION = YES_AGGRESSIVE;
				CLANG_CXX_LANGUAGE_STANDARD = "gnu++0x";
				CLANG_CXX_LIBRARY = "libc++";
				CLANG_ENABLE_MODULES = YES;
				CLANG_ENABLE_OBJC_ARC = YES;
				CLANG_WARN_BOOL_CONVERSION = YES;
				CLANG_WARN_CONSTANT_CONVERSION = YES;
				CLANG_WARN_DIRECT_OBJC_ISA_USAGE = YES_ERROR;
				CLANG_WARN_DOCUMENTATION_COMMENTS = YES;
				CLANG_WARN_EMPTY_BODY = YES;
				CLANG_WARN_ENUM_CONVERSION = YES;
				CLANG_WARN_INFINITE_RECURSION = YES;
				CLANG_WARN_INT_CONVERSION = YES;
				CLANG_WARN_OBJC_ROOT_CLASS = YES_ERROR;
				CLANG_WARN_SUSPICIOUS_MOVE = YES;
				CLANG_WARN_UNREACHABLE_CODE = YES;
				CLANG_WARN__DUPLICATE_METHOD_MATCH = YES;
				"CODE_SIGN_IDENTITY[sdk=iphoneos*]" = "iPhone Developer";
				COPY_PHASE_STRIP = NO;
				DEBUG_INFORMATION_FORMAT = dwarf;
				ENABLE_STRICT_OBJC_MSGSEND = YES;
				ENABLE_TESTABILITY = YES;
				GCC_C_LANGUAGE_STANDARD = gnu99;
				GCC_DYNAMIC_NO_PIC = NO;
				GCC_NO_COMMON_BLOCKS = YES;
				GCC_OPTIMIZATION_LEVEL = 0;
				GCC_PREPROCESSOR_DEFINITIONS = (
					"DEBUG=1",
					"$(inherited)",
				);
				GCC_WARN_64_TO_32_BIT_CONVERSION = YES;
				GCC_WARN_ABOUT_RETURN_TYPE = YES_ERROR;
				GCC_WARN_UNDECLARED_SELECTOR = YES;
				GCC_WARN_UNINITIALIZED_AUTOS = YES_AGGRESSIVE;
				GCC_WARN_UNUSED_FUNCTION = YES;
				GCC_WARN_UNUSED_VARIABLE = YES;
				IPHONEOS_DEPLOYMENT_TARGET = 10.3;
				MTL_ENABLE_DEBUG_INFO = YES;
				ONLY_ACTIVE_ARCH = YES;
				SDKROOT = iphoneos;
				SWIFT_ACTIVE_COMPILATION_CONDITIONS = DEBUG;
				SWIFT_OPTIMIZATION_LEVEL = "-Onone";
				TARGETED_DEVICE_FAMILY = "1,2";
			};
			name = Debug;
		};
		FE4BE51F1EFE525C008B0318 /* Release */ = {
			isa = XCBuildConfiguration;
			buildSettings = {
				ALWAYS_SEARCH_USER_PATHS = NO;
				CLANG_ANALYZER_NONNULL = YES;
				CLANG_ANALYZER_NUMBER_OBJECT_CONVERSION = YES_AGGRESSIVE;
				CLANG_CXX_LANGUAGE_STANDARD = "gnu++0x";
				CLANG_CXX_LIBRARY = "libc++";
				CLANG_ENABLE_MODULES = YES;
				CLANG_ENABLE_OBJC_ARC = YES;
				CLANG_WARN_BOOL_CONVERSION = YES;
				CLANG_WARN_CONSTANT_CONVERSION = YES;
				CLANG_WARN_DIRECT_OBJC_ISA_USAGE = YES_ERROR;
				CLANG_WARN_DOCUMENTATION_COMMENTS = YES;
				CLANG_WARN_EMPTY_BODY = YES;
				CLANG_WARN_ENUM_CONVERSION = YES;
				CLANG_WARN_INFINITE_RECURSION = YES;
				CLANG_WARN_INT_CONVERSION = YES;
				CLANG_WARN_OBJC_ROOT_CLASS = YES_ERROR;
				CLANG_WARN_SUSPICIOUS_MOVE = YES;
				CLANG_WARN_UNREACHABLE_CODE = YES;
				CLANG_WARN__DUPLICATE_METHOD_MATCH = YES;
				"CODE_SIGN_IDENTITY[sdk=iphoneos*]" = "iPhone Developer";
				COPY_PHASE_STRIP = NO;
				DEBUG_INFORMATION_FORMAT = "dwarf-with-dsym";
				ENABLE_NS_ASSERTIONS = NO;
				ENABLE_STRICT_OBJC_MSGSEND = YES;
				GCC_C_LANGUAGE_STANDARD = gnu99;
				GCC_NO_COMMON_BLOCKS = YES;
				GCC_WARN_64_TO_32_BIT_CONVERSION = YES;
				GCC_WARN_ABOUT_RETURN_TYPE = YES_ERROR;
				GCC_WARN_UNDECLARED_SELECTOR = YES;
				GCC_WARN_UNINITIALIZED_AUTOS = YES_AGGRESSIVE;
				GCC_WARN_UNUSED_FUNCTION = YES;
				GCC_WARN_UNUSED_VARIABLE = YES;
				IPHONEOS_DEPLOYMENT_TARGET = 10.3;
				MTL_ENABLE_DEBUG_INFO = NO;
				SDKROOT = iphoneos;
				SWIFT_OPTIMIZATION_LEVEL = "-Owholemodule";
				TARGETED_DEVICE_FAMILY = "1,2";
				VALIDATE_PRODUCT = YES;
			};
			name = Release;
		};
		FE4BE5211EFE525C008B0318 /* Debug */ = {
			isa = XCBuildConfiguration;
			buildSettings = {
				ASSETCATALOG_COMPILER_APPICON_NAME = AppIcon;
				INFOPLIST_FILE = CM_Networking/Info.plist;
				LD_RUNPATH_SEARCH_PATHS = "$(inherited) @executable_path/Frameworks";
				PRODUCT_BUNDLE_IDENTIFIER = "AL.CM-Networking";
				PRODUCT_NAME = "$(TARGET_NAME)";
				SWIFT_VERSION = 3.0;
			};
			name = Debug;
		};
		FE4BE5221EFE525C008B0318 /* Release */ = {
			isa = XCBuildConfiguration;
			buildSettings = {
				ASSETCATALOG_COMPILER_APPICON_NAME = AppIcon;
				INFOPLIST_FILE = CM_Networking/Info.plist;
				LD_RUNPATH_SEARCH_PATHS = "$(inherited) @executable_path/Frameworks";
				PRODUCT_BUNDLE_IDENTIFIER = "AL.CM-Networking";
				PRODUCT_NAME = "$(TARGET_NAME)";
				SWIFT_VERSION = 3.0;
			};
			name = Release;
		};
/* End XCBuildConfiguration section */

/* Begin XCConfigurationList section */
		FE4BE5091EFE525C008B0318 /* Build configuration list for PBXProject "CM_Networking" */ = {
			isa = XCConfigurationList;
			buildConfigurations = (
				FE4BE51E1EFE525C008B0318 /* Debug */,
				FE4BE51F1EFE525C008B0318 /* Release */,
			);
			defaultConfigurationIsVisible = 0;
			defaultConfigurationName = Release;
		};
		FE4BE5201EFE525C008B0318 /* Build configuration list for PBXNativeTarget "CM_Networking" */ = {
			isa = XCConfigurationList;
			buildConfigurations = (
				FE4BE5211EFE525C008B0318 /* Debug */,
				FE4BE5221EFE525C008B0318 /* Release */,
			);
			defaultConfigurationIsVisible = 0;
		};
/* End XCConfigurationList section */
	};
	rootObject = FE4BE5061EFE525C008B0318 /* Project object */;
}
